
Microsoft Visual Studio Solution File, Format Version 12.00
# Visual Studio Version 17
VisualStudioVersion = 17.13.35913.81 d17.13
MinimumVisualStudioVersion = 10.0.40219.1
Project("{FAE04EC0-301F-11D3-BF4B-00C04F79EFBC}") = "TP5_Grupo_6", "TP5_Grupo_6\TP5_Grupo_6.csproj", "{3AE4D881-B5D1-4BC5-A6F0-68A435D343D8}"
EndProject
Global
	GlobalSection(SolutionConfigurationPlatforms) = preSolution
		Debug|Any CPU = Debug|Any CPU
		Release|Any CPU = Release|Any CPU
	EndGlobalSection
	GlobalSection(ProjectConfigurationPlatforms) = postSolution
		{3AE4D881-B5D1-4BC5-A6F0-68A435D343D8}.Debug|Any CPU.ActiveCfg = Debug|Any CPU
		{3AE4D881-B5D1-4BC5-A6F0-68A435D343D8}.Debug|Any CPU.Build.0 = Debug|Any CPU
		{3AE4D881-B5D1-4BC5-A6F0-68A435D343D8}.Release|Any CPU.ActiveCfg = Release|Any CPU
		{3AE4D881-B5D1-4BC5-A6F0-68A435D343D8}.Release|Any CPU.Build.0 = Release|Any CPU
	EndGlobalSection
	GlobalSection(SolutionProperties) = preSolution
		HideSolutionNode = FALSE
	EndGlobalSection
	GlobalSection(ExtensibilityGlobals) = postSolution
		SolutionGuid = {D74C5009-079D-415A-AF58-DC2FEBE86956}
	EndGlobalSection
EndGlobal
